// !$*UTF8*$!
{
	archiveVersion = 1;
	classes = {
	};
	objectVersion = 50;
	objects = {

/* Begin PBXBuildFile section */
		03102EE5256E539C004FBE3F /* MapView.swift in Sources */ = {isa = PBXBuildFile; fileRef = 03102EE4256E539C004FBE3F /* MapView.swift */; };
		03102EF8256ED6F5004FBE3F /* MapViewUI.swift in Sources */ = {isa = PBXBuildFile; fileRef = 03102EF7256ED6F5004FBE3F /* MapViewUI.swift */; };
		031BF239256BC94E0047A5F4 /* GraveFinderApp.swift in Sources */ = {isa = PBXBuildFile; fileRef = 031BF238256BC94E0047A5F4 /* GraveFinderApp.swift */; };
		031BF23B256BC94E0047A5F4 /* ContentView.swift in Sources */ = {isa = PBXBuildFile; fileRef = 031BF23A256BC94E0047A5F4 /* ContentView.swift */; };
		031BF23D256BC9500047A5F4 /* Assets.xcassets in Resources */ = {isa = PBXBuildFile; fileRef = 031BF23C256BC9500047A5F4 /* Assets.xcassets */; };
		031BF240256BC9500047A5F4 /* Preview Assets.xcassets in Resources */ = {isa = PBXBuildFile; fileRef = 031BF23F256BC9500047A5F4 /* Preview Assets.xcassets */; };
		032EDEC8256D390900A28FAD /* LocationDelegate.swift in Sources */ = {isa = PBXBuildFile; fileRef = 032EDEC7256D390900A28FAD /* LocationDelegate.swift */; };
		03491EBA258B6740008178F2 /* GraveInfoPopup.swift in Sources */ = {isa = PBXBuildFile; fileRef = 03491EB9258B6740008178F2 /* GraveInfoPopup.swift */; };
		035419EB2582554200B98CEB /* CoreDataHelper.swift in Sources */ = {isa = PBXBuildFile; fileRef = 035419EA2582554200B98CEB /* CoreDataHelper.swift */; };
		03541A4B2583933100B98CEB /* (null) in Sources */ = {isa = PBXBuildFile; };
		03C8D888258A416E0029934C /* MapViewModel.swift in Sources */ = {isa = PBXBuildFile; fileRef = 03C8D887258A416E0029934C /* MapViewModel.swift */; };
		78177AE82589EE7200AB14C9 /* GravesViewModel.swift in Sources */ = {isa = PBXBuildFile; fileRef = 78177AE72589EE7200AB14C9 /* GravesViewModel.swift */; };
		7839000A258385460030B008 /* NotificationService.swift in Sources */ = {isa = PBXBuildFile; fileRef = 78390009258385460030B008 /* NotificationService.swift */; };
		783900162586970D0030B008 /* NotificationSelectionView.swift in Sources */ = {isa = PBXBuildFile; fileRef = 783900152586970D0030B008 /* NotificationSelectionView.swift */; };
		783900192587849E0030B008 /* NotificationSelectionViewModel.swift in Sources */ = {isa = PBXBuildFile; fileRef = 783900182587849D0030B008 /* NotificationSelectionViewModel.swift */; };
		7845964D256D004200A97B7F /* Grave.swift in Sources */ = {isa = PBXBuildFile; fileRef = 7845964C256D004200A97B7F /* Grave.swift */; };
		78459651256D01E700A97B7F /* BottomSheetViewModel.swift in Sources */ = {isa = PBXBuildFile; fileRef = 78459650256D01E700A97B7F /* BottomSheetViewModel.swift */; };
		78688CA52570FB2100413618 /* Strings.swift in Sources */ = {isa = PBXBuildFile; fileRef = 78688CA42570FB2100413618 /* Strings.swift */; };
		78688CAA2571165800413618 /* GravesView.swift in Sources */ = {isa = PBXBuildFile; fileRef = 78688CA92571165800413618 /* GravesView.swift */; };
		78781D45258A492900873A7F /* ScrollViewWithOffset.swift in Sources */ = {isa = PBXBuildFile; fileRef = 78781D44258A492900873A7F /* ScrollViewWithOffset.swift */; };
		78781D6F258C07DC00873A7F /* SheetPositionViewModel.swift in Sources */ = {isa = PBXBuildFile; fileRef = 78781D6E258C07DC00873A7F /* SheetPositionViewModel.swift */; };
		7878D0672588D91A0099E6E6 /* NetStatus.swift in Sources */ = {isa = PBXBuildFile; fileRef = 7878D0662588D91A0099E6E6 /* NetStatus.swift */; };
		7878D06A2588D9770099E6E6 /* ConnectionAlertView.swift in Sources */ = {isa = PBXBuildFile; fileRef = E26F760E2588165D00F5D0EF /* ConnectionAlertView.swift */; };
		78EEED83256D37480005C6CC /* SearchResults.swift in Sources */ = {isa = PBXBuildFile; fileRef = 78EEED82256D37480005C6CC /* SearchResults.swift */; };
		78EF0395257653A200635427 /* View.extensions.swift in Sources */ = {isa = PBXBuildFile; fileRef = 78EF0394257653A200635427 /* View.extensions.swift */; };
		78EF04EE25798B0000635427 /* GraveFinder.xcdatamodeld in Sources */ = {isa = PBXBuildFile; fileRef = 78EF04EC25798B0000635427 /* GraveFinder.xcdatamodeld */; };
		78EF051225798C3B00635427 /* Persistence.swift in Sources */ = {isa = PBXBuildFile; fileRef = 78EF051125798C3B00635427 /* Persistence.swift */; };
		78F47008258EA8FA00D1F4AF /* FavGraves+CoreDataClass.swift in Sources */ = {isa = PBXBuildFile; fileRef = 78F47006258EA8FA00D1F4AF /* FavGraves+CoreDataClass.swift */; };
		78F47009258EA8FA00D1F4AF /* FavGraves+CoreDataProperties.swift in Sources */ = {isa = PBXBuildFile; fileRef = 78F47007258EA8FA00D1F4AF /* FavGraves+CoreDataProperties.swift */; };
		78F4700D258EAE5400D1F4AF /* NotificationDelegate.swift in Sources */ = {isa = PBXBuildFile; fileRef = 78F4700C258EAE5400D1F4AF /* NotificationDelegate.swift */; };
		E26F75F72587F9E800F5D0EF /* SearchBarView.swift in Sources */ = {isa = PBXBuildFile; fileRef = E26F75F62587F9E800F5D0EF /* SearchBarView.swift */; };
		E26F76002588088900F5D0EF /* ToggleView.swift in Sources */ = {isa = PBXBuildFile; fileRef = E26F75FF2588088900F5D0EF /* ToggleView.swift */; };
		E26F760525880FD200F5D0EF /* SearchResultsView.swift in Sources */ = {isa = PBXBuildFile; fileRef = E26F760425880FD200F5D0EF /* SearchResultsView.swift */; };
		E26F76092588109900F5D0EF /* FavoritesResultsView.swift in Sources */ = {isa = PBXBuildFile; fileRef = E26F76082588109900F5D0EF /* FavoritesResultsView.swift */; };
		E29393B5258B6B30008D6FCB /* Localizable.strings in Resources */ = {isa = PBXBuildFile; fileRef = E29393B7258B6B30008D6FCB /* Localizable.strings */; };
		E2C787D0256E575D008ACA90 /* BottomSheetView.swift in Sources */ = {isa = PBXBuildFile; fileRef = E2C787CF256E575D008ACA90 /* BottomSheetView.swift */; };
		E2ECBF64258901D70006A17C /* MapPickersViewModifier.swift in Sources */ = {isa = PBXBuildFile; fileRef = E2ECBF63258901D70006A17C /* MapPickersViewModifier.swift */; };
		E2ECBF68258968CF0006A17C /* BottomSheetPositionModifier.swift in Sources */ = {isa = PBXBuildFile; fileRef = E2ECBF67258968CF0006A17C /* BottomSheetPositionModifier.swift */; };
/* End PBXBuildFile section */

/* Begin PBXFileReference section */
		03102EE4256E539C004FBE3F /* MapView.swift */ = {isa = PBXFileReference; fileEncoding = 4; lastKnownFileType = sourcecode.swift; path = MapView.swift; sourceTree = "<group>"; };
		03102EF7256ED6F5004FBE3F /* MapViewUI.swift */ = {isa = PBXFileReference; lastKnownFileType = sourcecode.swift; path = MapViewUI.swift; sourceTree = "<group>"; };
		031BF235256BC94E0047A5F4 /* GraveFinder.app */ = {isa = PBXFileReference; explicitFileType = wrapper.application; includeInIndex = 0; path = GraveFinder.app; sourceTree = BUILT_PRODUCTS_DIR; };
		031BF238256BC94E0047A5F4 /* GraveFinderApp.swift */ = {isa = PBXFileReference; lastKnownFileType = sourcecode.swift; path = GraveFinderApp.swift; sourceTree = "<group>"; };
		031BF23A256BC94E0047A5F4 /* ContentView.swift */ = {isa = PBXFileReference; lastKnownFileType = sourcecode.swift; path = ContentView.swift; sourceTree = "<group>"; };
		031BF23C256BC9500047A5F4 /* Assets.xcassets */ = {isa = PBXFileReference; lastKnownFileType = folder.assetcatalog; path = Assets.xcassets; sourceTree = "<group>"; };
		031BF23F256BC9500047A5F4 /* Preview Assets.xcassets */ = {isa = PBXFileReference; lastKnownFileType = folder.assetcatalog; path = "Preview Assets.xcassets"; sourceTree = "<group>"; };
		031BF241256BC9500047A5F4 /* Info.plist */ = {isa = PBXFileReference; lastKnownFileType = text.plist.xml; path = Info.plist; sourceTree = "<group>"; };
		032EDEC7256D390900A28FAD /* LocationDelegate.swift */ = {isa = PBXFileReference; lastKnownFileType = sourcecode.swift; path = LocationDelegate.swift; sourceTree = "<group>"; };
		03491EB9258B6740008178F2 /* GraveInfoPopup.swift */ = {isa = PBXFileReference; lastKnownFileType = sourcecode.swift; path = GraveInfoPopup.swift; sourceTree = "<group>"; };
		035419EA2582554200B98CEB /* CoreDataHelper.swift */ = {isa = PBXFileReference; lastKnownFileType = sourcecode.swift; path = CoreDataHelper.swift; sourceTree = "<group>"; };
		03C8D887258A416E0029934C /* MapViewModel.swift */ = {isa = PBXFileReference; lastKnownFileType = sourcecode.swift; path = MapViewModel.swift; sourceTree = "<group>"; };
		78177AE72589EE7200AB14C9 /* GravesViewModel.swift */ = {isa = PBXFileReference; lastKnownFileType = sourcecode.swift; path = GravesViewModel.swift; sourceTree = "<group>"; };
		78390009258385460030B008 /* NotificationService.swift */ = {isa = PBXFileReference; lastKnownFileType = sourcecode.swift; path = NotificationService.swift; sourceTree = "<group>"; };
		783900152586970D0030B008 /* NotificationSelectionView.swift */ = {isa = PBXFileReference; lastKnownFileType = sourcecode.swift; path = NotificationSelectionView.swift; sourceTree = "<group>"; };
		783900182587849D0030B008 /* NotificationSelectionViewModel.swift */ = {isa = PBXFileReference; lastKnownFileType = sourcecode.swift; path = NotificationSelectionViewModel.swift; sourceTree = "<group>"; };
		7845964C256D004200A97B7F /* Grave.swift */ = {isa = PBXFileReference; lastKnownFileType = sourcecode.swift; path = Grave.swift; sourceTree = "<group>"; };
		78459650256D01E700A97B7F /* BottomSheetViewModel.swift */ = {isa = PBXFileReference; lastKnownFileType = sourcecode.swift; path = BottomSheetViewModel.swift; sourceTree = "<group>"; };
		78688CA42570FB2100413618 /* Strings.swift */ = {isa = PBXFileReference; lastKnownFileType = sourcecode.swift; path = Strings.swift; sourceTree = "<group>"; };
		78688CA92571165800413618 /* GravesView.swift */ = {isa = PBXFileReference; lastKnownFileType = sourcecode.swift; path = GravesView.swift; sourceTree = "<group>"; };
		78781D44258A492900873A7F /* ScrollViewWithOffset.swift */ = {isa = PBXFileReference; lastKnownFileType = sourcecode.swift; path = ScrollViewWithOffset.swift; sourceTree = "<group>"; };
		78781D6E258C07DC00873A7F /* SheetPositionViewModel.swift */ = {isa = PBXFileReference; lastKnownFileType = sourcecode.swift; path = SheetPositionViewModel.swift; sourceTree = "<group>"; };
		7878D0662588D91A0099E6E6 /* NetStatus.swift */ = {isa = PBXFileReference; fileEncoding = 4; lastKnownFileType = sourcecode.swift; path = NetStatus.swift; sourceTree = "<group>"; };
		78EEED82256D37480005C6CC /* SearchResults.swift */ = {isa = PBXFileReference; lastKnownFileType = sourcecode.swift; path = SearchResults.swift; sourceTree = "<group>"; };
		78EF0394257653A200635427 /* View.extensions.swift */ = {isa = PBXFileReference; lastKnownFileType = sourcecode.swift; path = View.extensions.swift; sourceTree = "<group>"; };
		78EF04ED25798B0000635427 /* FavGraves.xcdatamodel */ = {isa = PBXFileReference; lastKnownFileType = wrapper.xcdatamodel; path = FavGraves.xcdatamodel; sourceTree = "<group>"; };
		78EF051125798C3B00635427 /* Persistence.swift */ = {isa = PBXFileReference; fileEncoding = 4; lastKnownFileType = sourcecode.swift; path = Persistence.swift; sourceTree = "<group>"; };
		78F47006258EA8FA00D1F4AF /* FavGraves+CoreDataClass.swift */ = {isa = PBXFileReference; lastKnownFileType = sourcecode.swift; path = "FavGraves+CoreDataClass.swift"; sourceTree = "<group>"; };
		78F47007258EA8FA00D1F4AF /* FavGraves+CoreDataProperties.swift */ = {isa = PBXFileReference; lastKnownFileType = sourcecode.swift; path = "FavGraves+CoreDataProperties.swift"; sourceTree = "<group>"; };
		78F4700C258EAE5400D1F4AF /* NotificationDelegate.swift */ = {isa = PBXFileReference; lastKnownFileType = sourcecode.swift; path = NotificationDelegate.swift; sourceTree = "<group>"; };
		E26F75F62587F9E800F5D0EF /* SearchBarView.swift */ = {isa = PBXFileReference; lastKnownFileType = sourcecode.swift; path = SearchBarView.swift; sourceTree = "<group>"; };
		E26F75FF2588088900F5D0EF /* ToggleView.swift */ = {isa = PBXFileReference; lastKnownFileType = sourcecode.swift; path = ToggleView.swift; sourceTree = "<group>"; };
		E26F760425880FD200F5D0EF /* SearchResultsView.swift */ = {isa = PBXFileReference; lastKnownFileType = sourcecode.swift; path = SearchResultsView.swift; sourceTree = "<group>"; };
		E26F76082588109900F5D0EF /* FavoritesResultsView.swift */ = {isa = PBXFileReference; lastKnownFileType = sourcecode.swift; path = FavoritesResultsView.swift; sourceTree = "<group>"; };
		E26F760E2588165D00F5D0EF /* ConnectionAlertView.swift */ = {isa = PBXFileReference; lastKnownFileType = sourcecode.swift; path = ConnectionAlertView.swift; sourceTree = "<group>"; };
		E29393B6258B6B30008D6FCB /* en */ = {isa = PBXFileReference; lastKnownFileType = text.plist.strings; name = en; path = en.lproj/Localizable.strings; sourceTree = "<group>"; };
		E29393B9258B6B90008D6FCB /* sv */ = {isa = PBXFileReference; lastKnownFileType = text.plist.strings; name = sv; path = sv.lproj/Localizable.strings; sourceTree = "<group>"; };
		E2C787CF256E575D008ACA90 /* BottomSheetView.swift */ = {isa = PBXFileReference; lastKnownFileType = sourcecode.swift; path = BottomSheetView.swift; sourceTree = "<group>"; };
		E2ECBF63258901D70006A17C /* MapPickersViewModifier.swift */ = {isa = PBXFileReference; lastKnownFileType = sourcecode.swift; path = MapPickersViewModifier.swift; sourceTree = "<group>"; };
		E2ECBF67258968CF0006A17C /* BottomSheetPositionModifier.swift */ = {isa = PBXFileReference; lastKnownFileType = sourcecode.swift; path = BottomSheetPositionModifier.swift; sourceTree = "<group>"; };
/* End PBXFileReference section */

/* Begin PBXFrameworksBuildPhase section */
		031BF232256BC94E0047A5F4 /* Frameworks */ = {
			isa = PBXFrameworksBuildPhase;
			buildActionMask = 2147483647;
			files = (
			);
			runOnlyForDeploymentPostprocessing = 0;
		};
/* End PBXFrameworksBuildPhase section */

/* Begin PBXGroup section */
		03102EE2256E5310004FBE3F /* Recovered References */ = {
			isa = PBXGroup;
			children = (
			);
			name = "Recovered References";
			sourceTree = "<group>";
		};
		031BF22C256BC94E0047A5F4 = {
			isa = PBXGroup;
			children = (
				031BF237256BC94E0047A5F4 /* GraveFinder */,
				031BF236256BC94E0047A5F4 /* Products */,
				03102EE2256E5310004FBE3F /* Recovered References */,
			);
			sourceTree = "<group>";
		};
		031BF236256BC94E0047A5F4 /* Products */ = {
			isa = PBXGroup;
			children = (
				031BF235256BC94E0047A5F4 /* GraveFinder.app */,
			);
			name = Products;
			sourceTree = "<group>";
		};
		031BF237256BC94E0047A5F4 /* GraveFinder */ = {
			isa = PBXGroup;
			children = (
				E29393B1258B65AC008D6FCB /* Localization */,
				783900082583852F0030B008 /* Services */,
				78EF03932576537A00635427 /* Extensions */,
				78688CA82571163100413618 /* ViewComponents */,
				78688CA32570FB0900413618 /* Constants */,
				7845964B256CFF6000A97B7F /* Models */,
				7845964A256CFF5700A97B7F /* ViewModels */,
				78459649256CFF4A00A97B7F /* Views */,
				031BF238256BC94E0047A5F4 /* GraveFinderApp.swift */,
				031BF23A256BC94E0047A5F4 /* ContentView.swift */,
				78EF051125798C3B00635427 /* Persistence.swift */,
				032EDEC7256D390900A28FAD /* LocationDelegate.swift */,
				031BF23C256BC9500047A5F4 /* Assets.xcassets */,
				031BF241256BC9500047A5F4 /* Info.plist */,
				78EF04EC25798B0000635427 /* GraveFinder.xcdatamodeld */,
				031BF23E256BC9500047A5F4 /* Preview Content */,
			);
			path = GraveFinder;
			sourceTree = "<group>";
		};
		031BF23E256BC9500047A5F4 /* Preview Content */ = {
			isa = PBXGroup;
			children = (
				031BF23F256BC9500047A5F4 /* Preview Assets.xcassets */,
			);
			path = "Preview Content";
			sourceTree = "<group>";
		};
		783900082583852F0030B008 /* Services */ = {
			isa = PBXGroup;
			children = (
				035419EA2582554200B98CEB /* CoreDataHelper.swift */,
				7878D0662588D91A0099E6E6 /* NetStatus.swift */,
				78390009258385460030B008 /* NotificationService.swift */,
				78F4700C258EAE5400D1F4AF /* NotificationDelegate.swift */,
			);
			path = Services;
			sourceTree = "<group>";
		};
		78459649256CFF4A00A97B7F /* Views */ = {
			isa = PBXGroup;
			children = (
				783900152586970D0030B008 /* NotificationSelectionView.swift */,
				E26F75F92587FC7500F5D0EF /* CustomViews */,
				E2C787CF256E575D008ACA90 /* BottomSheetView.swift */,
				03102EE4256E539C004FBE3F /* MapView.swift */,
				03102EF7256ED6F5004FBE3F /* MapViewUI.swift */,
			);
			path = Views;
			sourceTree = "<group>";
		};
		7845964A256CFF5700A97B7F /* ViewModels */ = {
			isa = PBXGroup;
			children = (
				78459650256D01E700A97B7F /* BottomSheetViewModel.swift */,
				783900182587849D0030B008 /* NotificationSelectionViewModel.swift */,
				78177AE72589EE7200AB14C9 /* GravesViewModel.swift */,
				03C8D887258A416E0029934C /* MapViewModel.swift */,
				78781D6E258C07DC00873A7F /* SheetPositionViewModel.swift */,
			);
			path = ViewModels;
			sourceTree = "<group>";
		};
		7845964B256CFF6000A97B7F /* Models */ = {
			isa = PBXGroup;
			children = (
				78F47006258EA8FA00D1F4AF /* FavGraves+CoreDataClass.swift */,
				78F47007258EA8FA00D1F4AF /* FavGraves+CoreDataProperties.swift */,
				7845964C256D004200A97B7F /* Grave.swift */,
				78EEED82256D37480005C6CC /* SearchResults.swift */,
			);
			path = Models;
			sourceTree = "<group>";
		};
		78688CA32570FB0900413618 /* Constants */ = {
			isa = PBXGroup;
			children = (
				78688CA42570FB2100413618 /* Strings.swift */,
			);
			path = Constants;
			sourceTree = "<group>";
		};
		78688CA82571163100413618 /* ViewComponents */ = {
			isa = PBXGroup;
			children = (
				78688CA92571165800413618 /* GravesView.swift */,
				E26F75FF2588088900F5D0EF /* ToggleView.swift */,
				E26F760425880FD200F5D0EF /* SearchResultsView.swift */,
				E26F75F62587F9E800F5D0EF /* SearchBarView.swift */,
				E26F760E2588165D00F5D0EF /* ConnectionAlertView.swift */,
				E26F76082588109900F5D0EF /* FavoritesResultsView.swift */,
				78781D44258A492900873A7F /* ScrollViewWithOffset.swift */,
				E2ECBF67258968CF0006A17C /* BottomSheetPositionModifier.swift */,
			);
			path = ViewComponents;
			sourceTree = "<group>";
		};
		78EF03932576537A00635427 /* Extensions */ = {
			isa = PBXGroup;
			children = (
				78EF0394257653A200635427 /* View.extensions.swift */,
			);
			path = Extensions;
			sourceTree = "<group>";
		};
		E26F75F92587FC7500F5D0EF /* CustomViews */ = {
			isa = PBXGroup;
			children = (
				E2ECBF63258901D70006A17C /* MapPickersViewModifier.swift */,
				03491EB9258B6740008178F2 /* GraveInfoPopup.swift */,
			);
			path = CustomViews;
			sourceTree = "<group>";
		};
		E29393B1258B65AC008D6FCB /* Localization */ = {
			isa = PBXGroup;
			children = (
				E29393B7258B6B30008D6FCB /* Localizable.strings */,
			);
			path = Localization;
			sourceTree = "<group>";
		};
/* End PBXGroup section */

/* Begin PBXNativeTarget section */
		031BF234256BC94E0047A5F4 /* GraveFinder */ = {
			isa = PBXNativeTarget;
			buildConfigurationList = 031BF244256BC9500047A5F4 /* Build configuration list for PBXNativeTarget "GraveFinder" */;
			buildPhases = (
				031BF231256BC94E0047A5F4 /* Sources */,
				031BF232256BC94E0047A5F4 /* Frameworks */,
				031BF233256BC94E0047A5F4 /* Resources */,
			);
			buildRules = (
			);
			dependencies = (
			);
			name = GraveFinder;
			packageProductDependencies = (
			);
			productName = GraveFinder;
			productReference = 031BF235256BC94E0047A5F4 /* GraveFinder.app */;
			productType = "com.apple.product-type.application";
		};
/* End PBXNativeTarget section */

/* Begin PBXProject section */
		031BF22D256BC94E0047A5F4 /* Project object */ = {
			isa = PBXProject;
			attributes = {
				LastSwiftUpdateCheck = 1220;
				LastUpgradeCheck = 1230;
				TargetAttributes = {
					031BF234256BC94E0047A5F4 = {
						CreatedOnToolsVersion = 12.2;
					};
				};
			};
			buildConfigurationList = 031BF230256BC94E0047A5F4 /* Build configuration list for PBXProject "GraveFinder" */;
			compatibilityVersion = "Xcode 9.3";
			developmentRegion = en;
			hasScannedForEncodings = 0;
			knownRegions = (
				en,
				Base,
				sv,
			);
			mainGroup = 031BF22C256BC94E0047A5F4;
			packageReferences = (
			);
			productRefGroup = 031BF236256BC94E0047A5F4 /* Products */;
			projectDirPath = "";
			projectRoot = "";
			targets = (
				031BF234256BC94E0047A5F4 /* GraveFinder */,
			);
		};
/* End PBXProject section */

/* Begin PBXResourcesBuildPhase section */
		031BF233256BC94E0047A5F4 /* Resources */ = {
			isa = PBXResourcesBuildPhase;
			buildActionMask = 2147483647;
			files = (
				031BF240256BC9500047A5F4 /* Preview Assets.xcassets in Resources */,
				E29393B5258B6B30008D6FCB /* Localizable.strings in Resources */,
				031BF23D256BC9500047A5F4 /* Assets.xcassets in Resources */,
			);
			runOnlyForDeploymentPostprocessing = 0;
		};
/* End PBXResourcesBuildPhase section */

/* Begin PBXSourcesBuildPhase section */
		031BF231256BC94E0047A5F4 /* Sources */ = {
			isa = PBXSourcesBuildPhase;
			buildActionMask = 2147483647;
			files = (
				03C8D888258A416E0029934C /* MapViewModel.swift in Sources */,
				783900192587849E0030B008 /* NotificationSelectionViewModel.swift in Sources */,
				031BF23B256BC94E0047A5F4 /* ContentView.swift in Sources */,
				78EF0395257653A200635427 /* View.extensions.swift in Sources */,
				7839000A258385460030B008 /* NotificationService.swift in Sources */,
				7878D06A2588D9770099E6E6 /* ConnectionAlertView.swift in Sources */,
				7878D0672588D91A0099E6E6 /* NetStatus.swift in Sources */,
				032EDEC8256D390900A28FAD /* LocationDelegate.swift in Sources */,
				03102EE5256E539C004FBE3F /* MapView.swift in Sources */,
				035419EB2582554200B98CEB /* CoreDataHelper.swift in Sources */,
				78177AE82589EE7200AB14C9 /* GravesViewModel.swift in Sources */,
				03541A4B2583933100B98CEB /* (null) in Sources */,
				E26F76002588088900F5D0EF /* ToggleView.swift in Sources */,
				031BF239256BC94E0047A5F4 /* GraveFinderApp.swift in Sources */,
				783900162586970D0030B008 /* NotificationSelectionView.swift in Sources */,
				78EEED83256D37480005C6CC /* SearchResults.swift in Sources */,
				78EF04EE25798B0000635427 /* GraveFinder.xcdatamodeld in Sources */,
				78F47009258EA8FA00D1F4AF /* FavGraves+CoreDataProperties.swift in Sources */,
				78781D6F258C07DC00873A7F /* SheetPositionViewModel.swift in Sources */,
				E2ECBF68258968CF0006A17C /* BottomSheetPositionModifier.swift in Sources */,
				03491EBA258B6740008178F2 /* GraveInfoPopup.swift in Sources */,
				E2ECBF64258901D70006A17C /* MapPickersViewModifier.swift in Sources */,
				78688CA52570FB2100413618 /* Strings.swift in Sources */,
				E26F75F72587F9E800F5D0EF /* SearchBarView.swift in Sources */,
				78EF051225798C3B00635427 /* Persistence.swift in Sources */,
				78F4700D258EAE5400D1F4AF /* NotificationDelegate.swift in Sources */,
				78459651256D01E700A97B7F /* BottomSheetViewModel.swift in Sources */,
				78F47008258EA8FA00D1F4AF /* FavGraves+CoreDataClass.swift in Sources */,
				78688CAA2571165800413618 /* GravesView.swift in Sources */,
				E2C787D0256E575D008ACA90 /* BottomSheetView.swift in Sources */,
				E26F760525880FD200F5D0EF /* SearchResultsView.swift in Sources */,
				03102EF8256ED6F5004FBE3F /* MapViewUI.swift in Sources */,
				E26F76092588109900F5D0EF /* FavoritesResultsView.swift in Sources */,
				78781D45258A492900873A7F /* ScrollViewWithOffset.swift in Sources */,
				7845964D256D004200A97B7F /* Grave.swift in Sources */,
			);
			runOnlyForDeploymentPostprocessing = 0;
		};
/* End PBXSourcesBuildPhase section */

/* Begin PBXVariantGroup section */
		E29393B7258B6B30008D6FCB /* Localizable.strings */ = {
			isa = PBXVariantGroup;
			children = (
				E29393B6258B6B30008D6FCB /* en */,
				E29393B9258B6B90008D6FCB /* sv */,
			);
			name = Localizable.strings;
			sourceTree = "<group>";
		};
/* End PBXVariantGroup section */

/* Begin XCBuildConfiguration section */
		031BF242256BC9500047A5F4 /* Debug */ = {
			isa = XCBuildConfiguration;
			buildSettings = {
				ALWAYS_SEARCH_USER_PATHS = NO;
				CLANG_ANALYZER_LOCALIZABILITY_NONLOCALIZED = YES;
				CLANG_ANALYZER_NONNULL = YES;
				CLANG_ANALYZER_NUMBER_OBJECT_CONVERSION = YES_AGGRESSIVE;
				CLANG_CXX_LANGUAGE_STANDARD = "gnu++14";
				CLANG_CXX_LIBRARY = "libc++";
				CLANG_ENABLE_MODULES = YES;
				CLANG_ENABLE_OBJC_ARC = YES;
				CLANG_ENABLE_OBJC_WEAK = YES;
				CLANG_WARN_BLOCK_CAPTURE_AUTORELEASING = YES;
				CLANG_WARN_BOOL_CONVERSION = YES;
				CLANG_WARN_COMMA = YES;
				CLANG_WARN_CONSTANT_CONVERSION = YES;
				CLANG_WARN_DEPRECATED_OBJC_IMPLEMENTATIONS = YES;
				CLANG_WARN_DIRECT_OBJC_ISA_USAGE = YES_ERROR;
				CLANG_WARN_DOCUMENTATION_COMMENTS = YES;
				CLANG_WARN_EMPTY_BODY = YES;
				CLANG_WARN_ENUM_CONVERSION = YES;
				CLANG_WARN_INFINITE_RECURSION = YES;
				CLANG_WARN_INT_CONVERSION = YES;
				CLANG_WARN_NON_LITERAL_NULL_CONVERSION = YES;
				CLANG_WARN_OBJC_IMPLICIT_RETAIN_SELF = YES;
				CLANG_WARN_OBJC_LITERAL_CONVERSION = YES;
				CLANG_WARN_OBJC_ROOT_CLASS = YES_ERROR;
				CLANG_WARN_QUOTED_INCLUDE_IN_FRAMEWORK_HEADER = YES;
				CLANG_WARN_RANGE_LOOP_ANALYSIS = YES;
				CLANG_WARN_STRICT_PROTOTYPES = YES;
				CLANG_WARN_SUSPICIOUS_MOVE = YES;
				CLANG_WARN_UNGUARDED_AVAILABILITY = YES_AGGRESSIVE;
				CLANG_WARN_UNREACHABLE_CODE = YES;
				CLANG_WARN__DUPLICATE_METHOD_MATCH = YES;
				COPY_PHASE_STRIP = NO;
				DEBUG_INFORMATION_FORMAT = dwarf;
				ENABLE_STRICT_OBJC_MSGSEND = YES;
				ENABLE_TESTABILITY = YES;
				GCC_C_LANGUAGE_STANDARD = gnu11;
				GCC_DYNAMIC_NO_PIC = NO;
				GCC_NO_COMMON_BLOCKS = YES;
				GCC_OPTIMIZATION_LEVEL = 0;
				GCC_PREPROCESSOR_DEFINITIONS = (
					"DEBUG=1",
					"$(inherited)",
				);
				GCC_WARN_64_TO_32_BIT_CONVERSION = YES;
				GCC_WARN_ABOUT_RETURN_TYPE = YES_ERROR;
				GCC_WARN_UNDECLARED_SELECTOR = YES;
				GCC_WARN_UNINITIALIZED_AUTOS = YES_AGGRESSIVE;
				GCC_WARN_UNUSED_FUNCTION = YES;
				GCC_WARN_UNUSED_VARIABLE = YES;
				IPHONEOS_DEPLOYMENT_TARGET = 14.2;
				MTL_ENABLE_DEBUG_INFO = INCLUDE_SOURCE;
				MTL_FAST_MATH = YES;
				ONLY_ACTIVE_ARCH = YES;
				SDKROOT = iphoneos;
				SWIFT_ACTIVE_COMPILATION_CONDITIONS = DEBUG;
				SWIFT_OPTIMIZATION_LEVEL = "-Onone";
			};
			name = Debug;
		};
		031BF243256BC9500047A5F4 /* Release */ = {
			isa = XCBuildConfiguration;
			buildSettings = {
				ALWAYS_SEARCH_USER_PATHS = NO;
				CLANG_ANALYZER_LOCALIZABILITY_NONLOCALIZED = YES;
				CLANG_ANALYZER_NONNULL = YES;
				CLANG_ANALYZER_NUMBER_OBJECT_CONVERSION = YES_AGGRESSIVE;
				CLANG_CXX_LANGUAGE_STANDARD = "gnu++14";
				CLANG_CXX_LIBRARY = "libc++";
				CLANG_ENABLE_MODULES = YES;
				CLANG_ENABLE_OBJC_ARC = YES;
				CLANG_ENABLE_OBJC_WEAK = YES;
				CLANG_WARN_BLOCK_CAPTURE_AUTORELEASING = YES;
				CLANG_WARN_BOOL_CONVERSION = YES;
				CLANG_WARN_COMMA = YES;
				CLANG_WARN_CONSTANT_CONVERSION = YES;
				CLANG_WARN_DEPRECATED_OBJC_IMPLEMENTATIONS = YES;
				CLANG_WARN_DIRECT_OBJC_ISA_USAGE = YES_ERROR;
				CLANG_WARN_DOCUMENTATION_COMMENTS = YES;
				CLANG_WARN_EMPTY_BODY = YES;
				CLANG_WARN_ENUM_CONVERSION = YES;
				CLANG_WARN_INFINITE_RECURSION = YES;
				CLANG_WARN_INT_CONVERSION = YES;
				CLANG_WARN_NON_LITERAL_NULL_CONVERSION = YES;
				CLANG_WARN_OBJC_IMPLICIT_RETAIN_SELF = YES;
				CLANG_WARN_OBJC_LITERAL_CONVERSION = YES;
				CLANG_WARN_OBJC_ROOT_CLASS = YES_ERROR;
				CLANG_WARN_QUOTED_INCLUDE_IN_FRAMEWORK_HEADER = YES;
				CLANG_WARN_RANGE_LOOP_ANALYSIS = YES;
				CLANG_WARN_STRICT_PROTOTYPES = YES;
				CLANG_WARN_SUSPICIOUS_MOVE = YES;
				CLANG_WARN_UNGUARDED_AVAILABILITY = YES_AGGRESSIVE;
				CLANG_WARN_UNREACHABLE_CODE = YES;
				CLANG_WARN__DUPLICATE_METHOD_MATCH = YES;
				COPY_PHASE_STRIP = NO;
				DEBUG_INFORMATION_FORMAT = "dwarf-with-dsym";
				ENABLE_NS_ASSERTIONS = NO;
				ENABLE_STRICT_OBJC_MSGSEND = YES;
				GCC_C_LANGUAGE_STANDARD = gnu11;
				GCC_NO_COMMON_BLOCKS = YES;
				GCC_WARN_64_TO_32_BIT_CONVERSION = YES;
				GCC_WARN_ABOUT_RETURN_TYPE = YES_ERROR;
				GCC_WARN_UNDECLARED_SELECTOR = YES;
				GCC_WARN_UNINITIALIZED_AUTOS = YES_AGGRESSIVE;
				GCC_WARN_UNUSED_FUNCTION = YES;
				GCC_WARN_UNUSED_VARIABLE = YES;
				IPHONEOS_DEPLOYMENT_TARGET = 14.2;
				MTL_ENABLE_DEBUG_INFO = NO;
				MTL_FAST_MATH = YES;
				SDKROOT = iphoneos;
				SWIFT_COMPILATION_MODE = wholemodule;
				SWIFT_OPTIMIZATION_LEVEL = "-O";
				VALIDATE_PRODUCT = YES;
			};
			name = Release;
		};
		031BF245256BC9500047A5F4 /* Debug */ = {
			isa = XCBuildConfiguration;
			buildSettings = {
				ASSETCATALOG_COMPILER_APPICON_NAME = AppIcon;
				ASSETCATALOG_COMPILER_GLOBAL_ACCENT_COLOR_NAME = AccentColor;
				CODE_SIGN_STYLE = Automatic;
				DEVELOPMENT_ASSET_PATHS = "\"GraveFinder/Preview Content\"";
				DEVELOPMENT_TEAM = 2T4JVD9P46;
				ENABLE_PREVIEWS = YES;
				INFOPLIST_FILE = GraveFinder/Info.plist;
				IPHONEOS_DEPLOYMENT_TARGET = 14.0;
				LD_RUNPATH_SEARCH_PATHS = (
					"$(inherited)",
					"@executable_path/Frameworks",
				);
				PRODUCT_BUNDLE_IDENTIFIER = com.erik.GraveFinder;
				PRODUCT_NAME = "$(TARGET_NAME)";
				SWIFT_VERSION = 5.0;
				TARGETED_DEVICE_FAMILY = "1,2";
			};
			name = Debug;
		};
		031BF246256BC9500047A5F4 /* Release */ = {
			isa = XCBuildConfiguration;
			buildSettings = {
				ASSETCATALOG_COMPILER_APPICON_NAME = AppIcon;
				ASSETCATALOG_COMPILER_GLOBAL_ACCENT_COLOR_NAME = AccentColor;
				CODE_SIGN_STYLE = Automatic;
				DEVELOPMENT_ASSET_PATHS = "\"GraveFinder/Preview Content\"";
				DEVELOPMENT_TEAM = 2T4JVD9P46;
				ENABLE_PREVIEWS = YES;
				INFOPLIST_FILE = GraveFinder/Info.plist;
				IPHONEOS_DEPLOYMENT_TARGET = 14.0;
				LD_RUNPATH_SEARCH_PATHS = (
					"$(inherited)",
					"@executable_path/Frameworks",
				);
				PRODUCT_BUNDLE_IDENTIFIER = com.erik.GraveFinder;
				PRODUCT_NAME = "$(TARGET_NAME)";
				SWIFT_VERSION = 5.0;
				TARGETED_DEVICE_FAMILY = "1,2";
			};
			name = Release;
		};
/* End XCBuildConfiguration section */

/* Begin XCConfigurationList section */
		031BF230256BC94E0047A5F4 /* Build configuration list for PBXProject "GraveFinder" */ = {
			isa = XCConfigurationList;
			buildConfigurations = (
				031BF242256BC9500047A5F4 /* Debug */,
				031BF243256BC9500047A5F4 /* Release */,
			);
			defaultConfigurationIsVisible = 0;
			defaultConfigurationName = Release;
		};
		031BF244256BC9500047A5F4 /* Build configuration list for PBXNativeTarget "GraveFinder" */ = {
			isa = XCConfigurationList;
			buildConfigurations = (
				031BF245256BC9500047A5F4 /* Debug */,
				031BF246256BC9500047A5F4 /* Release */,
			);
			defaultConfigurationIsVisible = 0;
			defaultConfigurationName = Release;
		};
/* End XCConfigurationList section */

/* Begin XCVersionGroup section */
		78EF04EC25798B0000635427 /* GraveFinder.xcdatamodeld */ = {
			isa = XCVersionGroup;
			children = (
				78EF04ED25798B0000635427 /* FavGraves.xcdatamodel */,
			);
			currentVersion = 78EF04ED25798B0000635427 /* FavGraves.xcdatamodel */;
			path = GraveFinder.xcdatamodeld;
			sourceTree = "<group>";
			versionGroupType = wrapper.xcdatamodel;
		};
/* End XCVersionGroup section */
	};
	rootObject = 031BF22D256BC94E0047A5F4 /* Project object */;
}
